
Microsoft Visual Studio Solution File, Format Version 12.00
# Visual Studio Version 17
VisualStudioVersion = 17.3.32922.545
MinimumVisualStudioVersion = 10.0.40219.1
Project("{FAE04EC0-301F-11D3-BF4B-00C04F79EFBC}") = "WebApp3API", "WebApp3API\WebApp3API.csproj", "{260D1A74-22C2-425D-BDE2-639DCCABFD0F}"
EndProject
Global
	GlobalSection(SolutionConfigurationPlatforms) = preSolution
		Debug|Any CPU = Debug|Any CPU
		Release|Any CPU = Release|Any CPU
	EndGlobalSection
	GlobalSection(ProjectConfigurationPlatforms) = postSolution
		{260D1A74-22C2-425D-BDE2-639DCCABFD0F}.Debug|Any CPU.ActiveCfg = Debug|Any CPU
		{260D1A74-22C2-425D-BDE2-639DCCABFD0F}.Debug|Any CPU.Build.0 = Debug|Any CPU
		{260D1A74-22C2-425D-BDE2-639DCCABFD0F}.Release|Any CPU.ActiveCfg = Release|Any CPU
		{260D1A74-22C2-425D-BDE2-639DCCABFD0F}.Release|Any CPU.Build.0 = Release|Any CPU
	EndGlobalSection
	GlobalSection(SolutionProperties) = preSolution
		HideSolutionNode = FALSE
	EndGlobalSection
	GlobalSection(ExtensibilityGlobals) = postSolution
		SolutionGuid = {7D1076A9-6156-422A-A983-0EEF06029071}
	EndGlobalSection
EndGlobal
